
Microsoft Visual Studio Solution File, Format Version 12.00
# Visual Studio 15
VisualStudioVersion = 15.0.26730.16
MinimumVisualStudioVersion = 10.0.40219.1
Project("{FAE04EC0-301F-11D3-BF4B-00C04F79EFBC}") = "Creational", "Creational\Creational.csproj", "{6F294EA5-B8FB-4C6B-A932-DE85109EBD9A}"
EndProject
Project("{FAE04EC0-301F-11D3-BF4B-00C04F79EFBC}") = "Structural", "Structural\Structural.csproj", "{0B062EA4-29FF-459B-94E3-5CABB8CB9826}"
EndProject
Project("{FAE04EC0-301F-11D3-BF4B-00C04F79EFBC}") = "Behavioral", "Behavioral\Behavioral.csproj", "{141FAB0C-CE64-41F6-B92C-A6FE0A176EB7}"
EndProject
Global
	GlobalSection(SolutionConfigurationPlatforms) = preSolution
		Debug|Any CPU = Debug|Any CPU
		Release|Any CPU = Release|Any CPU
	EndGlobalSection
	GlobalSection(ProjectConfigurationPlatforms) = postSolution
		{6F294EA5-B8FB-4C6B-A932-DE85109EBD9A}.Debug|Any CPU.ActiveCfg = Debug|Any CPU
		{6F294EA5-B8FB-4C6B-A932-DE85109EBD9A}.Debug|Any CPU.Build.0 = Debug|Any CPU
		{6F294EA5-B8FB-4C6B-A932-DE85109EBD9A}.Release|Any CPU.ActiveCfg = Release|Any CPU
		{6F294EA5-B8FB-4C6B-A932-DE85109EBD9A}.Release|Any CPU.Build.0 = Release|Any CPU
		{0B062EA4-29FF-459B-94E3-5CABB8CB9826}.Debug|Any CPU.ActiveCfg = Debug|Any CPU
		{0B062EA4-29FF-459B-94E3-5CABB8CB9826}.Debug|Any CPU.Build.0 = Debug|Any CPU
		{0B062EA4-29FF-459B-94E3-5CABB8CB9826}.Release|Any CPU.ActiveCfg = Release|Any CPU
		{0B062EA4-29FF-459B-94E3-5CABB8CB9826}.Release|Any CPU.Build.0 = Release|Any CPU
		{141FAB0C-CE64-41F6-B92C-A6FE0A176EB7}.Debug|Any CPU.ActiveCfg = Debug|Any CPU
		{141FAB0C-CE64-41F6-B92C-A6FE0A176EB7}.Debug|Any CPU.Build.0 = Debug|Any CPU
		{141FAB0C-CE64-41F6-B92C-A6FE0A176EB7}.Release|Any CPU.ActiveCfg = Release|Any CPU
		{141FAB0C-CE64-41F6-B92C-A6FE0A176EB7}.Release|Any CPU.Build.0 = Release|Any CPU
	EndGlobalSection
	GlobalSection(SolutionProperties) = preSolution
		HideSolutionNode = FALSE
	EndGlobalSection
	GlobalSection(ExtensibilityGlobals) = postSolution
		SolutionGuid = {44999192-7E59-4553-8947-A5712F279A17}
	EndGlobalSection
EndGlobal
